// !$*UTF8*$!
{
	archiveVersion = 1;
	classes = {
	};
	objectVersion = 46;
	objects = {

/* Begin PBXBuildFile section */
		C885AD9F1C333B3900841127 /* AppDelegate.swift in Sources */ = {isa = PBXBuildFile; fileRef = C885AD9E1C333B3900841127 /* AppDelegate.swift */; };
		C885ADA11C333B3900841127 /* ViewController.swift in Sources */ = {isa = PBXBuildFile; fileRef = C885ADA01C333B3900841127 /* ViewController.swift */; };
		C885ADA41C333B3900841127 /* Main.storyboard in Resources */ = {isa = PBXBuildFile; fileRef = C885ADA21C333B3900841127 /* Main.storyboard */; };
		C885ADA61C333B3900841127 /* Assets.xcassets in Resources */ = {isa = PBXBuildFile; fileRef = C885ADA51C333B3900841127 /* Assets.xcassets */; };
		C885ADA91C333B3900841127 /* LaunchScreen.storyboard in Resources */ = {isa = PBXBuildFile; fileRef = C885ADA71C333B3900841127 /* LaunchScreen.storyboard */; };
		C885ADB41C333B3A00841127 /* MenuActivityUITests.swift in Sources */ = {isa = PBXBuildFile; fileRef = C885ADB31C333B3A00841127 /* MenuActivityUITests.swift */; };
		C885ADB91C333B3A00841127 /* MenuActivity WatchKit App.app in Embed Watch Content */ = {isa = PBXBuildFile; fileRef = C885ADB81C333B3A00841127 /* MenuActivity WatchKit App.app */; };
		C885ADBF1C333B3A00841127 /* Interface.storyboard in Resources */ = {isa = PBXBuildFile; fileRef = C885ADBD1C333B3A00841127 /* Interface.storyboard */; };
		C885ADC11C333B3A00841127 /* Assets.xcassets in Resources */ = {isa = PBXBuildFile; fileRef = C885ADC01C333B3A00841127 /* Assets.xcassets */; };
		C885ADC81C333B3A00841127 /* MenuActivity WatchKit Extension.appex in Embed App Extensions */ = {isa = PBXBuildFile; fileRef = C885ADC71C333B3A00841127 /* MenuActivity WatchKit Extension.appex */; settings = {ATTRIBUTES = (RemoveHeadersOnCopy, ); }; };
		C885ADCF1C333B3A00841127 /* InterfaceController.swift in Sources */ = {isa = PBXBuildFile; fileRef = C885ADCE1C333B3A00841127 /* InterfaceController.swift */; };
		C885ADD11C333B3A00841127 /* ExtensionDelegate.swift in Sources */ = {isa = PBXBuildFile; fileRef = C885ADD01C333B3A00841127 /* ExtensionDelegate.swift */; };
		C885ADD31C333B3A00841127 /* NotificationController.swift in Sources */ = {isa = PBXBuildFile; fileRef = C885ADD21C333B3A00841127 /* NotificationController.swift */; };
		C885ADD51C333B3A00841127 /* GlanceController.swift in Sources */ = {isa = PBXBuildFile; fileRef = C885ADD41C333B3A00841127 /* GlanceController.swift */; };
		C885ADD71C333B3A00841127 /* ComplicationController.swift in Sources */ = {isa = PBXBuildFile; fileRef = C885ADD61C333B3A00841127 /* ComplicationController.swift */; };
		C885ADD91C333B3A00841127 /* Assets.xcassets in Resources */ = {isa = PBXBuildFile; fileRef = C885ADD81C333B3A00841127 /* Assets.xcassets */; };
/* End PBXBuildFile section */

/* Begin PBXContainerItemProxy section */
		C885ADB01C333B3900841127 /* PBXContainerItemProxy */ = {
			isa = PBXContainerItemProxy;
			containerPortal = C885AD931C333B3900841127 /* Project object */;
			proxyType = 1;
			remoteGlobalIDString = C885AD9A1C333B3900841127;
			remoteInfo = MenuActivity;
		};
		C885ADBA1C333B3A00841127 /* PBXContainerItemProxy */ = {
			isa = PBXContainerItemProxy;
			containerPortal = C885AD931C333B3900841127 /* Project object */;
			proxyType = 1;
			remoteGlobalIDString = C885ADB71C333B3A00841127;
			remoteInfo = "MenuActivity WatchKit App";
		};
		C885ADC91C333B3A00841127 /* PBXContainerItemProxy */ = {
			isa = PBXContainerItemProxy;
			containerPortal = C885AD931C333B3900841127 /* Project object */;
			proxyType = 1;
			remoteGlobalIDString = C885ADC61C333B3A00841127;
			remoteInfo = "MenuActivity WatchKit Extension";
		};
/* End PBXContainerItemProxy section */

/* Begin PBXCopyFilesBuildPhase section */
		C885ADE01C333B3A00841127 /* Embed App Extensions */ = {
			isa = PBXCopyFilesBuildPhase;
			buildActionMask = 2147483647;
			dstPath = "";
			dstSubfolderSpec = 13;
			files = (
				C885ADC81C333B3A00841127 /* MenuActivity WatchKit Extension.appex in Embed App Extensions */,
			);
			name = "Embed App Extensions";
			runOnlyForDeploymentPostprocessing = 0;
		};
		C885ADE41C333B3A00841127 /* Embed Watch Content */ = {
			isa = PBXCopyFilesBuildPhase;
			buildActionMask = 2147483647;
			dstPath = "$(CONTENTS_FOLDER_PATH)/Watch";
			dstSubfolderSpec = 16;
			files = (
				C885ADB91C333B3A00841127 /* MenuActivity WatchKit App.app in Embed Watch Content */,
			);
			name = "Embed Watch Content";
			runOnlyForDeploymentPostprocessing = 0;
		};
/* End PBXCopyFilesBuildPhase section */

/* Begin PBXFileReference section */
		C885AD9B1C333B3900841127 /* MenuActivity.app */ = {isa = PBXFileReference; explicitFileType = wrapper.application; includeInIndex = 0; path = MenuActivity.app; sourceTree = BUILT_PRODUCTS_DIR; };
		C885AD9E1C333B3900841127 /* AppDelegate.swift */ = {isa = PBXFileReference; lastKnownFileType = sourcecode.swift; path = AppDelegate.swift; sourceTree = "<group>"; };
		C885ADA01C333B3900841127 /* ViewController.swift */ = {isa = PBXFileReference; lastKnownFileType = sourcecode.swift; path = ViewController.swift; sourceTree = "<group>"; };
		C885ADA31C333B3900841127 /* Base */ = {isa = PBXFileReference; lastKnownFileType = file.storyboard; name = Base; path = Base.lproj/Main.storyboard; sourceTree = "<group>"; };
		C885ADA51C333B3900841127 /* Assets.xcassets */ = {isa = PBXFileReference; lastKnownFileType = folder.assetcatalog; path = Assets.xcassets; sourceTree = "<group>"; };
		C885ADA81C333B3900841127 /* Base */ = {isa = PBXFileReference; lastKnownFileType = file.storyboard; name = Base; path = Base.lproj/LaunchScreen.storyboard; sourceTree = "<group>"; };
		C885ADAA1C333B3900841127 /* Info.plist */ = {isa = PBXFileReference; lastKnownFileType = text.plist.xml; path = Info.plist; sourceTree = "<group>"; };
		C885ADAF1C333B3900841127 /* MenuActivityUITests.xctest */ = {isa = PBXFileReference; explicitFileType = wrapper.cfbundle; includeInIndex = 0; path = MenuActivityUITests.xctest; sourceTree = BUILT_PRODUCTS_DIR; };
		C885ADB31C333B3A00841127 /* MenuActivityUITests.swift */ = {isa = PBXFileReference; lastKnownFileType = sourcecode.swift; path = MenuActivityUITests.swift; sourceTree = "<group>"; };
		C885ADB51C333B3A00841127 /* Info.plist */ = {isa = PBXFileReference; lastKnownFileType = text.plist.xml; path = Info.plist; sourceTree = "<group>"; };
		C885ADB81C333B3A00841127 /* MenuActivity WatchKit App.app */ = {isa = PBXFileReference; explicitFileType = wrapper.application; includeInIndex = 0; path = "MenuActivity WatchKit App.app"; sourceTree = BUILT_PRODUCTS_DIR; };
		C885ADBE1C333B3A00841127 /* Base */ = {isa = PBXFileReference; lastKnownFileType = file.storyboard; name = Base; path = Base.lproj/Interface.storyboard; sourceTree = "<group>"; };
		C885ADC01C333B3A00841127 /* Assets.xcassets */ = {isa = PBXFileReference; lastKnownFileType = folder.assetcatalog; path = Assets.xcassets; sourceTree = "<group>"; };
		C885ADC21C333B3A00841127 /* Info.plist */ = {isa = PBXFileReference; lastKnownFileType = text.plist.xml; path = Info.plist; sourceTree = "<group>"; };
		C885ADC71C333B3A00841127 /* MenuActivity WatchKit Extension.appex */ = {isa = PBXFileReference; explicitFileType = "wrapper.app-extension"; includeInIndex = 0; path = "MenuActivity WatchKit Extension.appex"; sourceTree = BUILT_PRODUCTS_DIR; };
		C885ADCD1C333B3A00841127 /* PushNotificationPayload.apns */ = {isa = PBXFileReference; lastKnownFileType = text; path = PushNotificationPayload.apns; sourceTree = "<group>"; };
		C885ADCE1C333B3A00841127 /* InterfaceController.swift */ = {isa = PBXFileReference; lastKnownFileType = sourcecode.swift; path = InterfaceController.swift; sourceTree = "<group>"; };
		C885ADD01C333B3A00841127 /* ExtensionDelegate.swift */ = {isa = PBXFileReference; lastKnownFileType = sourcecode.swift; path = ExtensionDelegate.swift; sourceTree = "<group>"; };
		C885ADD21C333B3A00841127 /* NotificationController.swift */ = {isa = PBXFileReference; lastKnownFileType = sourcecode.swift; path = NotificationController.swift; sourceTree = "<group>"; };
		C885ADD41C333B3A00841127 /* GlanceController.swift */ = {isa = PBXFileReference; lastKnownFileType = sourcecode.swift; path = GlanceController.swift; sourceTree = "<group>"; };
		C885ADD61C333B3A00841127 /* ComplicationController.swift */ = {isa = PBXFileReference; lastKnownFileType = sourcecode.swift; path = ComplicationController.swift; sourceTree = "<group>"; };
		C885ADD81C333B3A00841127 /* Assets.xcassets */ = {isa = PBXFileReference; lastKnownFileType = folder.assetcatalog; path = Assets.xcassets; sourceTree = "<group>"; };
		C885ADDA1C333B3A00841127 /* Info.plist */ = {isa = PBXFileReference; lastKnownFileType = text.plist.xml; path = Info.plist; sourceTree = "<group>"; };
/* End PBXFileReference section */

/* Begin PBXFrameworksBuildPhase section */
		C885AD981C333B3900841127 /* Frameworks */ = {
			isa = PBXFrameworksBuildPhase;
			buildActionMask = 2147483647;
			files = (
			);
			runOnlyForDeploymentPostprocessing = 0;
		};
		C885ADAC1C333B3900841127 /* Frameworks */ = {
			isa = PBXFrameworksBuildPhase;
			buildActionMask = 2147483647;
			files = (
			);
			runOnlyForDeploymentPostprocessing = 0;
		};
		C885ADC41C333B3A00841127 /* Frameworks */ = {
			isa = PBXFrameworksBuildPhase;
			buildActionMask = 2147483647;
			files = (
			);
			runOnlyForDeploymentPostprocessing = 0;
		};
/* End PBXFrameworksBuildPhase section */

/* Begin PBXGroup section */
		C885AD921C333B3900841127 = {
			isa = PBXGroup;
			children = (
				C885AD9D1C333B3900841127 /* MenuActivity */,
				C885ADB21C333B3900841127 /* MenuActivityUITests */,
				C885ADBC1C333B3A00841127 /* MenuActivity WatchKit App */,
				C885ADCB1C333B3A00841127 /* MenuActivity WatchKit Extension */,
				C885AD9C1C333B3900841127 /* Products */,
			);
			sourceTree = "<group>";
		};
		C885AD9C1C333B3900841127 /* Products */ = {
			isa = PBXGroup;
			children = (
				C885AD9B1C333B3900841127 /* MenuActivity.app */,
				C885ADAF1C333B3900841127 /* MenuActivityUITests.xctest */,
				C885ADB81C333B3A00841127 /* MenuActivity WatchKit App.app */,
				C885ADC71C333B3A00841127 /* MenuActivity WatchKit Extension.appex */,
			);
			name = Products;
			sourceTree = "<group>";
		};
		C885AD9D1C333B3900841127 /* MenuActivity */ = {
			isa = PBXGroup;
			children = (
				C885AD9E1C333B3900841127 /* AppDelegate.swift */,
				C885ADA01C333B3900841127 /* ViewController.swift */,
				C885ADA21C333B3900841127 /* Main.storyboard */,
				C885ADA51C333B3900841127 /* Assets.xcassets */,
				C885ADA71C333B3900841127 /* LaunchScreen.storyboard */,
				C885ADAA1C333B3900841127 /* Info.plist */,
			);
			path = MenuActivity;
			sourceTree = "<group>";
		};
		C885ADB21C333B3900841127 /* MenuActivityUITests */ = {
			isa = PBXGroup;
			children = (
				C885ADB31C333B3A00841127 /* MenuActivityUITests.swift */,
				C885ADB51C333B3A00841127 /* Info.plist */,
			);
			path = MenuActivityUITests;
			sourceTree = "<group>";
		};
		C885ADBC1C333B3A00841127 /* MenuActivity WatchKit App */ = {
			isa = PBXGroup;
			children = (
				C885ADBD1C333B3A00841127 /* Interface.storyboard */,
				C885ADC01C333B3A00841127 /* Assets.xcassets */,
				C885ADC21C333B3A00841127 /* Info.plist */,
			);
			path = "MenuActivity WatchKit App";
			sourceTree = "<group>";
		};
		C885ADCB1C333B3A00841127 /* MenuActivity WatchKit Extension */ = {
			isa = PBXGroup;
			children = (
				C885ADCE1C333B3A00841127 /* InterfaceController.swift */,
				C885ADD01C333B3A00841127 /* ExtensionDelegate.swift */,
				C885ADD21C333B3A00841127 /* NotificationController.swift */,
				C885ADD41C333B3A00841127 /* GlanceController.swift */,
				C885ADD61C333B3A00841127 /* ComplicationController.swift */,
				C885ADD81C333B3A00841127 /* Assets.xcassets */,
				C885ADDA1C333B3A00841127 /* Info.plist */,
				C885ADCC1C333B3A00841127 /* Supporting Files */,
			);
			path = "MenuActivity WatchKit Extension";
			sourceTree = "<group>";
		};
		C885ADCC1C333B3A00841127 /* Supporting Files */ = {
			isa = PBXGroup;
			children = (
				C885ADCD1C333B3A00841127 /* PushNotificationPayload.apns */,
			);
			name = "Supporting Files";
			sourceTree = "<group>";
		};
/* End PBXGroup section */

/* Begin PBXNativeTarget section */
		C885AD9A1C333B3900841127 /* MenuActivity */ = {
			isa = PBXNativeTarget;
			buildConfigurationList = C885ADE51C333B3A00841127 /* Build configuration list for PBXNativeTarget "MenuActivity" */;
			buildPhases = (
				C885AD971C333B3900841127 /* Sources */,
				C885AD981C333B3900841127 /* Frameworks */,
				C885AD991C333B3900841127 /* Resources */,
				C885ADE41C333B3A00841127 /* Embed Watch Content */,
			);
			buildRules = (
			);
			dependencies = (
				C885ADBB1C333B3A00841127 /* PBXTargetDependency */,
			);
			name = MenuActivity;
			productName = MenuActivity;
			productReference = C885AD9B1C333B3900841127 /* MenuActivity.app */;
			productType = "com.apple.product-type.application";
		};
		C885ADAE1C333B3900841127 /* MenuActivityUITests */ = {
			isa = PBXNativeTarget;
			buildConfigurationList = C885ADE81C333B3A00841127 /* Build configuration list for PBXNativeTarget "MenuActivityUITests" */;
			buildPhases = (
				C885ADAB1C333B3900841127 /* Sources */,
				C885ADAC1C333B3900841127 /* Frameworks */,
				C885ADAD1C333B3900841127 /* Resources */,
			);
			buildRules = (
			);
			dependencies = (
				C885ADB11C333B3900841127 /* PBXTargetDependency */,
			);
			name = MenuActivityUITests;
			productName = MenuActivityUITests;
			productReference = C885ADAF1C333B3900841127 /* MenuActivityUITests.xctest */;
			productType = "com.apple.product-type.bundle.ui-testing";
		};
		C885ADB71C333B3A00841127 /* MenuActivity WatchKit App */ = {
			isa = PBXNativeTarget;
			buildConfigurationList = C885ADE11C333B3A00841127 /* Build configuration list for PBXNativeTarget "MenuActivity WatchKit App" */;
			buildPhases = (
				C885ADB61C333B3A00841127 /* Resources */,
				C885ADE01C333B3A00841127 /* Embed App Extensions */,
			);
			buildRules = (
			);
			dependencies = (
				C885ADCA1C333B3A00841127 /* PBXTargetDependency */,
			);
			name = "MenuActivity WatchKit App";
			productName = "MenuActivity WatchKit App";
			productReference = C885ADB81C333B3A00841127 /* MenuActivity WatchKit App.app */;
			productType = "com.apple.product-type.application.watchapp2";
		};
		C885ADC61C333B3A00841127 /* MenuActivity WatchKit Extension */ = {
			isa = PBXNativeTarget;
			buildConfigurationList = C885ADDD1C333B3A00841127 /* Build configuration list for PBXNativeTarget "MenuActivity WatchKit Extension" */;
			buildPhases = (
				C885ADC31C333B3A00841127 /* Sources */,
				C885ADC41C333B3A00841127 /* Frameworks */,
				C885ADC51C333B3A00841127 /* Resources */,
			);
			buildRules = (
			);
			dependencies = (
			);
			name = "MenuActivity WatchKit Extension";
			productName = "MenuActivity WatchKit Extension";
			productReference = C885ADC71C333B3A00841127 /* MenuActivity WatchKit Extension.appex */;
			productType = "com.apple.product-type.watchkit2-extension";
		};
/* End PBXNativeTarget section */

/* Begin PBXProject section */
		C885AD931C333B3900841127 /* Project object */ = {
			isa = PBXProject;
			attributes = {
				LastSwiftUpdateCheck = 0720;
				LastUpgradeCheck = 0720;
				ORGANIZATIONNAME = "Small, Jeff";
				TargetAttributes = {
					C885AD9A1C333B3900841127 = {
						CreatedOnToolsVersion = 7.2;
					};
					C885ADAE1C333B3900841127 = {
						CreatedOnToolsVersion = 7.2;
						TestTargetID = C885AD9A1C333B3900841127;
					};
					C885ADB71C333B3A00841127 = {
						CreatedOnToolsVersion = 7.2;
					};
					C885ADC61C333B3A00841127 = {
						CreatedOnToolsVersion = 7.2;
					};
				};
			};
			buildConfigurationList = C885AD961C333B3900841127 /* Build configuration list for PBXProject "MenuActivity" */;
			compatibilityVersion = "Xcode 3.2";
			developmentRegion = English;
			hasScannedForEncodings = 0;
			knownRegions = (
				en,
				Base,
			);
			mainGroup = C885AD921C333B3900841127;
			productRefGroup = C885AD9C1C333B3900841127 /* Products */;
			projectDirPath = "";
			projectRoot = "";
			targets = (
				C885AD9A1C333B3900841127 /* MenuActivity */,
				C885ADAE1C333B3900841127 /* MenuActivityUITests */,
				C885ADB71C333B3A00841127 /* MenuActivity WatchKit App */,
				C885ADC61C333B3A00841127 /* MenuActivity WatchKit Extension */,
			);
		};
/* End PBXProject section */

/* Begin PBXResourcesBuildPhase section */
		C885AD991C333B3900841127 /* Resources */ = {
			isa = PBXResourcesBuildPhase;
			buildActionMask = 2147483647;
			files = (
				C885ADA91C333B3900841127 /* LaunchScreen.storyboard in Resources */,
				C885ADA61C333B3900841127 /* Assets.xcassets in Resources */,
				C885ADA41C333B3900841127 /* Main.storyboard in Resources */,
			);
			runOnlyForDeploymentPostprocessing = 0;
		};
		C885ADAD1C333B3900841127 /* Resources */ = {
			isa = PBXResourcesBuildPhase;
			buildActionMask = 2147483647;
			files = (
			);
			runOnlyForDeploymentPostprocessing = 0;
		};
		C885ADB61C333B3A00841127 /* Resources */ = {
			isa = PBXResourcesBuildPhase;
			buildActionMask = 2147483647;
			files = (
				C885ADC11C333B3A00841127 /* Assets.xcassets in Resources */,
				C885ADBF1C333B3A00841127 /* Interface.storyboard in Resources */,
			);
			runOnlyForDeploymentPostprocessing = 0;
		};
		C885ADC51C333B3A00841127 /* Resources */ = {
			isa = PBXResourcesBuildPhase;
			buildActionMask = 2147483647;
			files = (
				C885ADD91C333B3A00841127 /* Assets.xcassets in Resources */,
			);
			runOnlyForDeploymentPostprocessing = 0;
		};
/* End PBXResourcesBuildPhase section */

/* Begin PBXSourcesBuildPhase section */
		C885AD971C333B3900841127 /* Sources */ = {
			isa = PBXSourcesBuildPhase;
			buildActionMask = 2147483647;
			files = (
				C885ADA11C333B3900841127 /* ViewController.swift in Sources */,
				C885AD9F1C333B3900841127 /* AppDelegate.swift in Sources */,
			);
			runOnlyForDeploymentPostprocessing = 0;
		};
		C885ADAB1C333B3900841127 /* Sources */ = {
			isa = PBXSourcesBuildPhase;
			buildActionMask = 2147483647;
			files = (
				C885ADB41C333B3A00841127 /* MenuActivityUITests.swift in Sources */,
			);
			runOnlyForDeploymentPostprocessing = 0;
		};
		C885ADC31C333B3A00841127 /* Sources */ = {
			isa = PBXSourcesBuildPhase;
			buildActionMask = 2147483647;
			files = (
				C885ADD31C333B3A00841127 /* NotificationController.swift in Sources */,
				C885ADD11C333B3A00841127 /* ExtensionDelegate.swift in Sources */,
				C885ADD71C333B3A00841127 /* ComplicationController.swift in Sources */,
				C885ADCF1C333B3A00841127 /* InterfaceController.swift in Sources */,
				C885ADD51C333B3A00841127 /* GlanceController.swift in Sources */,
			);
			runOnlyForDeploymentPostprocessing = 0;
		};
/* End PBXSourcesBuildPhase section */

/* Begin PBXTargetDependency section */
		C885ADB11C333B3900841127 /* PBXTargetDependency */ = {
			isa = PBXTargetDependency;
			target = C885AD9A1C333B3900841127 /* MenuActivity */;
			targetProxy = C885ADB01C333B3900841127 /* PBXContainerItemProxy */;
		};
		C885ADBB1C333B3A00841127 /* PBXTargetDependency */ = {
			isa = PBXTargetDependency;
			target = C885ADB71C333B3A00841127 /* MenuActivity WatchKit App */;
			targetProxy = C885ADBA1C333B3A00841127 /* PBXContainerItemProxy */;
		};
		C885ADCA1C333B3A00841127 /* PBXTargetDependency */ = {
			isa = PBXTargetDependency;
			target = C885ADC61C333B3A00841127 /* MenuActivity WatchKit Extension */;
			targetProxy = C885ADC91C333B3A00841127 /* PBXContainerItemProxy */;
		};
/* End PBXTargetDependency section */

/* Begin PBXVariantGroup section */
		C885ADA21C333B3900841127 /* Main.storyboard */ = {
			isa = PBXVariantGroup;
			children = (
				C885ADA31C333B3900841127 /* Base */,
			);
			name = Main.storyboard;
			sourceTree = "<group>";
		};
		C885ADA71C333B3900841127 /* LaunchScreen.storyboard */ = {
			isa = PBXVariantGroup;
			children = (
				C885ADA81C333B3900841127 /* Base */,
			);
			name = LaunchScreen.storyboard;
			sourceTree = "<group>";
		};
		C885ADBD1C333B3A00841127 /* Interface.storyboard */ = {
			isa = PBXVariantGroup;
			children = (
				C885ADBE1C333B3A00841127 /* Base */,
			);
			name = Interface.storyboard;
			sourceTree = "<group>";
		};
/* End PBXVariantGroup section */

/* Begin XCBuildConfiguration section */
		C885ADDB1C333B3A00841127 /* Debug */ = {
			isa = XCBuildConfiguration;
			buildSettings = {
				ALWAYS_SEARCH_USER_PATHS = NO;
				CLANG_CXX_LANGUAGE_STANDARD = "gnu++0x";
				CLANG_CXX_LIBRARY = "libc++";
				CLANG_ENABLE_MODULES = YES;
				CLANG_ENABLE_OBJC_ARC = YES;
				CLANG_WARN_BOOL_CONVERSION = YES;
				CLANG_WARN_CONSTANT_CONVERSION = YES;
				CLANG_WARN_DIRECT_OBJC_ISA_USAGE = YES_ERROR;
				CLANG_WARN_EMPTY_BODY = YES;
				CLANG_WARN_ENUM_CONVERSION = YES;
				CLANG_WARN_INT_CONVERSION = YES;
				CLANG_WARN_OBJC_ROOT_CLASS = YES_ERROR;
				CLANG_WARN_UNREACHABLE_CODE = YES;
				CLANG_WARN__DUPLICATE_METHOD_MATCH = YES;
				"CODE_SIGN_IDENTITY[sdk=iphoneos*]" = "iPhone Developer";
				COPY_PHASE_STRIP = NO;
				DEBUG_INFORMATION_FORMAT = dwarf;
				ENABLE_STRICT_OBJC_MSGSEND = YES;
				ENABLE_TESTABILITY = YES;
				GCC_C_LANGUAGE_STANDARD = gnu99;
				GCC_DYNAMIC_NO_PIC = NO;
				GCC_NO_COMMON_BLOCKS = YES;
				GCC_OPTIMIZATION_LEVEL = 0;
				GCC_PREPROCESSOR_DEFINITIONS = (
					"DEBUG=1",
					"$(inherited)",
				);
				GCC_WARN_64_TO_32_BIT_CONVERSION = YES;
				GCC_WARN_ABOUT_RETURN_TYPE = YES_ERROR;
				GCC_WARN_UNDECLARED_SELECTOR = YES;
				GCC_WARN_UNINITIALIZED_AUTOS = YES_AGGRESSIVE;
				GCC_WARN_UNUSED_FUNCTION = YES;
				GCC_WARN_UNUSED_VARIABLE = YES;
				IPHONEOS_DEPLOYMENT_TARGET = 9.2;
				MTL_ENABLE_DEBUG_INFO = YES;
				ONLY_ACTIVE_ARCH = YES;
				SDKROOT = iphoneos;
				SWIFT_OPTIMIZATION_LEVEL = "-Onone";
			};
			name = Debug;
		};
		C885ADDC1C333B3A00841127 /* Release */ = {
			isa = XCBuildConfiguration;
			buildSettings = {
				ALWAYS_SEARCH_USER_PATHS = NO;
				CLANG_CXX_LANGUAGE_STANDARD = "gnu++0x";
				CLANG_CXX_LIBRARY = "libc++";
				CLANG_ENABLE_MODULES = YES;
				CLANG_ENABLE_OBJC_ARC = YES;
				CLANG_WARN_BOOL_CONVERSION = YES;
				CLANG_WARN_CONSTANT_CONVERSION = YES;
				CLANG_WARN_DIRECT_OBJC_ISA_USAGE = YES_ERROR;
				CLANG_WARN_EMPTY_BODY = YES;
				CLANG_WARN_ENUM_CONVERSION = YES;
				CLANG_WARN_INT_CONVERSION = YES;
				CLANG_WARN_OBJC_ROOT_CLASS = YES_ERROR;
				CLANG_WARN_UNREACHABLE_CODE = YES;
				CLANG_WARN__DUPLICATE_METHOD_MATCH = YES;
				"CODE_SIGN_IDENTITY[sdk=iphoneos*]" = "iPhone Developer";
				COPY_PHASE_STRIP = NO;
				DEBUG_INFORMATION_FORMAT = "dwarf-with-dsym";
				ENABLE_NS_ASSERTIONS = NO;
				ENABLE_STRICT_OBJC_MSGSEND = YES;
				GCC_C_LANGUAGE_STANDARD = gnu99;
				GCC_NO_COMMON_BLOCKS = YES;
				GCC_WARN_64_TO_32_BIT_CONVERSION = YES;
				GCC_WARN_ABOUT_RETURN_TYPE = YES_ERROR;
				GCC_WARN_UNDECLARED_SELECTOR = YES;
				GCC_WARN_UNINITIALIZED_AUTOS = YES_AGGRESSIVE;
				GCC_WARN_UNUSED_FUNCTION = YES;
				GCC_WARN_UNUSED_VARIABLE = YES;
				IPHONEOS_DEPLOYMENT_TARGET = 9.2;
				MTL_ENABLE_DEBUG_INFO = NO;
				SDKROOT = iphoneos;
				VALIDATE_PRODUCT = YES;
			};
			name = Release;
		};
		C885ADDE1C333B3A00841127 /* Debug */ = {
			isa = XCBuildConfiguration;
			buildSettings = {
				ASSETCATALOG_COMPILER_COMPLICATION_NAME = Complication;
				INFOPLIST_FILE = "MenuActivity WatchKit Extension/Info.plist";
				LD_RUNPATH_SEARCH_PATHS = "$(inherited) @executable_path/Frameworks @executable_path/../../Frameworks";
				PRODUCT_BUNDLE_IDENTIFIER = com.jeff.small.MenuActivity.watchkitapp.watchkitextension;
				PRODUCT_NAME = "${TARGET_NAME}";
				SDKROOT = watchos;
				SKIP_INSTALL = YES;
				TARGETED_DEVICE_FAMILY = 4;
				WATCHOS_DEPLOYMENT_TARGET = 2.1;
			};
			name = Debug;
		};
		C885ADDF1C333B3A00841127 /* Release */ = {
			isa = XCBuildConfiguration;
			buildSettings = {
				ASSETCATALOG_COMPILER_COMPLICATION_NAME = Complication;
				INFOPLIST_FILE = "MenuActivity WatchKit Extension/Info.plist";
				LD_RUNPATH_SEARCH_PATHS = "$(inherited) @executable_path/Frameworks @executable_path/../../Frameworks";
				PRODUCT_BUNDLE_IDENTIFIER = com.jeff.small.MenuActivity.watchkitapp.watchkitextension;
				PRODUCT_NAME = "${TARGET_NAME}";
				SDKROOT = watchos;
				SKIP_INSTALL = YES;
				TARGETED_DEVICE_FAMILY = 4;
				WATCHOS_DEPLOYMENT_TARGET = 2.1;
			};
			name = Release;
		};
		C885ADE21C333B3A00841127 /* Debug */ = {
			isa = XCBuildConfiguration;
			buildSettings = {
				ASSETCATALOG_COMPILER_APPICON_NAME = AppIcon;
				EMBEDDED_CONTENT_CONTAINS_SWIFT = YES;
				IBSC_MODULE = MenuActivity_WatchKit_Extension;
				INFOPLIST_FILE = "MenuActivity WatchKit App/Info.plist";
				PRODUCT_BUNDLE_IDENTIFIER = com.jeff.small.MenuActivity.watchkitapp;
				PRODUCT_NAME = "$(TARGET_NAME)";
				SDKROOT = watchos;
				SKIP_INSTALL = YES;
				TARGETED_DEVICE_FAMILY = 4;
				WATCHOS_DEPLOYMENT_TARGET = 2.1;
			};
			name = Debug;
		};
		C885ADE31C333B3A00841127 /* Release */ = {
			isa = XCBuildConfiguration;
			buildSettings = {
				ASSETCATALOG_COMPILER_APPICON_NAME = AppIcon;
				EMBEDDED_CONTENT_CONTAINS_SWIFT = YES;
				IBSC_MODULE = MenuActivity_WatchKit_Extension;
				INFOPLIST_FILE = "MenuActivity WatchKit App/Info.plist";
				PRODUCT_BUNDLE_IDENTIFIER = com.jeff.small.MenuActivity.watchkitapp;
				PRODUCT_NAME = "$(TARGET_NAME)";
				SDKROOT = watchos;
				SKIP_INSTALL = YES;
				TARGETED_DEVICE_FAMILY = 4;
				WATCHOS_DEPLOYMENT_TARGET = 2.1;
			};
			name = Release;
		};
		C885ADE61C333B3A00841127 /* Debug */ = {
			isa = XCBuildConfiguration;
			buildSettings = {
				ASSETCATALOG_COMPILER_APPICON_NAME = AppIcon;
				INFOPLIST_FILE = MenuActivity/Info.plist;
				LD_RUNPATH_SEARCH_PATHS = "$(inherited) @executable_path/Frameworks";
				PRODUCT_BUNDLE_IDENTIFIER = com.jeff.small.MenuActivity;
				PRODUCT_NAME = "$(TARGET_NAME)";
			};
			name = Debug;
		};
		C885ADE71C333B3A00841127 /* Release */ = {
			isa = XCBuildConfiguration;
			buildSettings = {
				ASSETCATALOG_COMPILER_APPICON_NAME = AppIcon;
				INFOPLIST_FILE = MenuActivity/Info.plist;
				LD_RUNPATH_SEARCH_PATHS = "$(inherited) @executable_path/Frameworks";
				PRODUCT_BUNDLE_IDENTIFIER = com.jeff.small.MenuActivity;
				PRODUCT_NAME = "$(TARGET_NAME)";
			};
			name = Release;
		};
		C885ADE91C333B3A00841127 /* Debug */ = {
			isa = XCBuildConfiguration;
			buildSettings = {
				INFOPLIST_FILE = MenuActivityUITests/Info.plist;
				LD_RUNPATH_SEARCH_PATHS = "$(inherited) @executable_path/Frameworks @loader_path/Frameworks";
				PRODUCT_BUNDLE_IDENTIFIER = com.jeff.small.MenuActivityUITests;
				PRODUCT_NAME = "$(TARGET_NAME)";
				TEST_TARGET_NAME = MenuActivity;
				USES_XCTRUNNER = YES;
			};
			name = Debug;
		};
		C885ADEA1C333B3A00841127 /* Release */ = {
			isa = XCBuildConfiguration;
			buildSettings = {
				INFOPLIST_FILE = MenuActivityUITests/Info.plist;
				LD_RUNPATH_SEARCH_PATHS = "$(inherited) @executable_path/Frameworks @loader_path/Frameworks";
				PRODUCT_BUNDLE_IDENTIFIER = com.jeff.small.MenuActivityUITests;
				PRODUCT_NAME = "$(TARGET_NAME)";
				TEST_TARGET_NAME = MenuActivity;
				USES_XCTRUNNER = YES;
			};
			name = Release;
		};
/* End XCBuildConfiguration section */

/* Begin XCConfigurationList section */
		C885AD961C333B3900841127 /* Build configuration list for PBXProject "MenuActivity" */ = {
			isa = XCConfigurationList;
			buildConfigurations = (
				C885ADDB1C333B3A00841127 /* Debug */,
				C885ADDC1C333B3A00841127 /* Release */,
			);
			defaultConfigurationIsVisible = 0;
			defaultConfigurationName = Release;
		};
		C885ADDD1C333B3A00841127 /* Build configuration list for PBXNativeTarget "MenuActivity WatchKit Extension" */ = {
			isa = XCConfigurationList;
			buildConfigurations = (
				C885ADDE1C333B3A00841127 /* Debug */,
				C885ADDF1C333B3A00841127 /* Release */,
			);
			defaultConfigurationIsVisible = 0;
		};
		C885ADE11C333B3A00841127 /* Build configuration list for PBXNativeTarget "MenuActivity WatchKit App" */ = {
			isa = XCConfigurationList;
			buildConfigurations = (
				C885ADE21C333B3A00841127 /* Debug */,
				C885ADE31C333B3A00841127 /* Release */,
			);
			defaultConfigurationIsVisible = 0;
		};
		C885ADE51C333B3A00841127 /* Build configuration list for PBXNativeTarget "MenuActivity" */ = {
			isa = XCConfigurationList;
			buildConfigurations = (
				C885ADE61C333B3A00841127 /* Debug */,
				C885ADE71C333B3A00841127 /* Release */,
			);
			defaultConfigurationIsVisible = 0;
		};
		C885ADE81C333B3A00841127 /* Build configuration list for PBXNativeTarget "MenuActivityUITests" */ = {
			isa = XCConfigurationList;
			buildConfigurations = (
				C885ADE91C333B3A00841127 /* Debug */,
				C885ADEA1C333B3A00841127 /* Release */,
			);
			defaultConfigurationIsVisible = 0;
		};
/* End XCConfigurationList section */
	};
	rootObject = C885AD931C333B3900841127 /* Project object */;
}
